#
# This file is autogenerated by pip-compile with Python 3.13
# by the following command:
#
#    pip-compile --generate-hashes --output-file=requirements.lock requirements.txt
#
lxml==6.0.2 \
    --hash=sha256:058027e261afed589eddcfe530fcc6f3402d7fd7e89bfd0532df82ebc1563dba \
    --hash=sha256:063eccf89df5b24e361b123e257e437f9e9878f425ee9aae3144c77faf6da6d8 \
    --hash=sha256:064fdadaf7a21af3ed1dcaa106b854077fbeada827c18f72aec9346847cd65d0 \
    --hash=sha256:08b9d5e803c2e4725ae9e8559ee880e5328ed61aa0935244e0515d7d9dbec0aa \
    --hash=sha256:0a3c150a95fbe5ac91de323aa756219ef9cf7fde5a3f00e2281e30f33fa5fa4f \
    --hash=sha256:0aa7070978f893954008ab73bb9e3c24a7c56c054e00566a21b553dc18105fca \
    --hash=sha256:13dcecc9946dca97b11b7c40d29fba63b55ab4170d3c0cf8c0c164343b9bfdcf \
    --hash=sha256:13e35cbc684aadf05d8711a5d1b5857c92e5e580efa9a0d2be197199c8def607 \
    --hash=sha256:17f68764f35fd78d7c4cc4ef209a184c38b65440378013d24b8aecd327c3e0c8 \
    --hash=sha256:1941354d92699fb5ffe6ed7b32f9649e43c2feb4b97205f75866f7d21aa91452 \
    --hash=sha256:1c06035eafa8404b5cf475bb37a9f6088b0aca288d4ccc9d69389750d5543700 \
    --hash=sha256:1db01e5cf14345628e0cbe71067204db658e2fb8e51e7f33631f5f4735fefd8d \
    --hash=sha256:1e786a464c191ca43b133906c6903a7e4d56bef376b75d97ccbb8ec5cf1f0a4b \
    --hash=sha256:1ea99340b3c729beea786f78c38f60f4795622f36e305d9c9be402201efdc3b7 \
    --hash=sha256:200069a593c5e40b8f6fc0d84d86d970ba43138c3e68619ffa234bc9bb806a4d \
    --hash=sha256:2047d8234fe735ab77802ce5f2297e410ff40f5238aec569ad7c8e163d7b19a6 \
    --hash=sha256:21c73b476d3cfe836be731225ec3421fa2f048d84f6df6a8e70433dff1376d5a \
    --hash=sha256:24a8e756c982c001ca8d59e87c80c4d9dcd4d9b44a4cbeb8d9be4482c514d41d \
    --hash=sha256:252a22982dca42f6155125ac76d3432e548a7625d56f5a273ee78a5057216eca \
    --hash=sha256:2593c77efde7bfea7f6389f1ab249b15ed4aa5bc5cb5131faa3b843c429fbedb \
    --hash=sha256:25fcc59afc57d527cfc78a58f40ab4c9b8fd096a9a3f964d2781ffb6eb33f4ed \
    --hash=sha256:2613e67de13d619fd283d58bda40bff0ee07739f624ffee8b13b631abf33083d \
    --hash=sha256:27220da5be049e936c3aca06f174e8827ca6445a4353a1995584311487fc4e3e \
    --hash=sha256:2c8458c2cdd29589a8367c09c8f030f1d202be673f0ca224ec18590b3b9fb694 \
    --hash=sha256:2ca59e7e13e5981175b8b3e4ab84d7da57993eeff53c07764dcebda0d0e64ecd \
    --hash=sha256:2cbcbf6d6e924c28f04a43f3b6f6e272312a090f269eff68a2982e13e5d57659 \
    --hash=sha256:2ed6c667fcbb8c19c6791bbf40b7268ef8ddf5a96940ba9404b9f9a304832f6c \
    --hash=sha256:358d9adae670b63e95bc59747c72f4dc97c9ec58881d4627fe0120da0f90d314 \
    --hash=sha256:370cd78d5855cfbffd57c422851f7d3864e6ae72d0da615fca4dad8c45d375a5 \
    --hash=sha256:3ae2ce7d6fedfb3414a2b6c5e20b249c4c607f72cb8d2bb7cc9c6ec7c6f4e849 \
    --hash=sha256:3b1675e096e17c6fe9c0e8c81434f5736c0739ff9ac6123c87c2d452f48fc938 \
    --hash=sha256:3e3cb08855967a20f553ff32d147e14329b3ae70ced6edc2f282b94afbc74b2a \
    --hash=sha256:3efe1b21c7801ffa29a1112fab3b0f643628c30472d507f39544fd48e9549e34 \
    --hash=sha256:3fee0851639d06276e6b387f1c190eb9d7f06f7f53514e966b26bae46481ec90 \
    --hash=sha256:4077b7c79f31755df33b795dc12119cb557a0106bfdab0d2c2d97bd3cf3dffa6 \
    --hash=sha256:414aaa94e974e23a3e92e7ca5b97d10c0cf37b6481f50911032c69eeb3991bba \
    --hash=sha256:4197fb2534ee05fd3e7afaab5d8bfd6c2e186f65ea7f9cd6a82809c887bd1285 \
    --hash=sha256:442de7530296ef5e188373a1ea5789a46ce90c4847e597856570439621d9c553 \
    --hash=sha256:4468e3b83e10e0317a89a33d28f7aeba1caa4d1a6fd457d115dd4ffe90c5931d \
    --hash=sha256:452b899faa64f1805943ec1c0c9ebeaece01a1af83e130b69cdefeda180bb42c \
    --hash=sha256:45f93e6f75123f88d7f0cfd90f2d05f441b808562bf0bc01070a00f53f5028b5 \
    --hash=sha256:48461bd21625458dd01e14e2c38dd0aea69addc3c4f960c30d9f59d7f93be601 \
    --hash=sha256:4ddb1049fa0579d0cbd00503ad8c58b9ab34d1254c77bc6a5576d96ec7853dba \
    --hash=sha256:5179c60288204e6ddde3f774a93350177e08876eaf3ab78aa3a3649d43eb7d37 \
    --hash=sha256:57a86e1ebb4020a38d295c04fc79603c7899e0df71588043eb218722dabc087f \
    --hash=sha256:5921d924aa5468c939d95c9814fa9f9b5935a6ff4e679e26aaf2951f74043512 \
    --hash=sha256:59c45e125140b2c4b33920d21d83681940ca29f0b83f8629ea1a2196dc8cfe6a \
    --hash=sha256:5aa0fc67ae19d7a64c3fe725dc9a1bb11f80e01f78289d05c6f62545affec438 \
    --hash=sha256:5d444858b9f07cefff6455b983aea9a67f7462ba1f6cbe4a21e8bf6791bf2153 \
    --hash=sha256:60fa43be34f78bebb27812ed90f1925ec99560b0fa1decdb7d12b84d857d31e9 \
    --hash=sha256:6162a86d86893d63084faaf4ff937b3daea233e3682fb4474db07395794fa80d \
    --hash=sha256:61cb10eeb95570153e0c0e554f58df92ecf5109f75eacad4a95baa709e26c3d6 \
    --hash=sha256:65ac4a01aba353cfa6d5725b95d7aed6356ddc0a3cd734de00124d285b04b64f \
    --hash=sha256:65ea18d710fd14e0186c2f973dc60bb52039a275f82d3c44a0e42b43440ea534 \
    --hash=sha256:6605c604e6daa9e0d7f0a2137bdc47a2e93b59c60a65466353e37f8272f47c46 \
    --hash=sha256:66328dabea70b5ba7e53d94aa774b733cf66686535f3bc9250a7aab53a91caaf \
    --hash=sha256:6c8963287d7a4c5c9a432ff487c52e9c5618667179c18a204bdedb27310f022f \
    --hash=sha256:6cdaefac66e8b8f30e37a9b4768a391e1f8a16a7526d5bc77a7928408ef68e93 \
    --hash=sha256:6da5185951d72e6f5352166e3da7b0dc27aa70bd1090b0eb3f7f7212b53f1bb8 \
    --hash=sha256:6ddff43f702905a4e32bc24f3f2e2edfe0f8fde3277d481bffb709a4cced7a1f \
    --hash=sha256:6ec0e3f745021bfed19c456647f0298d60a24c9ff86d9d051f52b509663feeb1 \
    --hash=sha256:6f91fd2b2ea15a6800c8e24418c0775a1694eefc011392da73bc6cef2623b322 \
    --hash=sha256:700efd30c0fa1a3581d80a748157397559396090a51d306ea59a70020223d16f \
    --hash=sha256:71695772df6acea9f3c0e59e44ba8ac50c4f125217e84aab21074a1a55e7e5c9 \
    --hash=sha256:72c87e5ee4e58a8354fb9c7c84cbf95a1c8236c127a5d1b7683f04bed8361e1f \
    --hash=sha256:7d2de809c2ee3b888b59f995625385f74629707c9355e0ff856445cdcae682b7 \
    --hash=sha256:80dadc234ebc532e09be1975ff538d154a7fa61ea5031c03d25178855544728f \
    --hash=sha256:817ef43a0c0b4a77bd166dc9a09a555394105ff3374777ad41f453526e37f9cb \
    --hash=sha256:846ae9a12d54e368933b9759052d6206a9e8b250291109c48e350c1f1f49d916 \
    --hash=sha256:875c6b5ab39ad5291588aed6925fac99d0097af0dd62f33c7b43736043d4a2ec \
    --hash=sha256:8799481bbdd212470d17513a54d568f44416db01250f49449647b5ab5b5dccb9 \
    --hash=sha256:8ac6e5811ae2870953390452e3476694196f98d447573234592d30488147404d \
    --hash=sha256:8f8d0cbd0674ee89863a523e6994ac25fd5be9c8486acfc3e5ccea679bad2679 \
    --hash=sha256:901e3b4219fa04ef766885fb40fa516a71662a4c61b80c94d25336b4934b71c0 \
    --hash=sha256:90a345bbeaf9d0587a3aaffb7006aa39ccb6ff0e96a57286c0cb2fd1520ea192 \
    --hash=sha256:9261bb77c2dab42f3ecd9103951aeca2c40277701eb7e912c545c1b16e0e4917 \
    --hash=sha256:945da35a48d193d27c188037a05fec5492937f66fb1958c24fc761fb9d40d43c \
    --hash=sha256:957448ac63a42e2e49531b9d6c0fa449a1970dbc32467aaad46f11545be9af1d \
    --hash=sha256:967aab75434de148ec80597b75062d8123cadf2943fb4281f385141e18b21338 \
    --hash=sha256:98a5e1660dc7de2200b00d53fa00bcd3c35a3608c305d45a7bbcaf29fa16e83d \
    --hash=sha256:995e783eb0374c120f528f807443ad5a83a656a8624c467ea73781fc5f8a8304 \
    --hash=sha256:9b33d21594afab46f37ae58dfadd06636f154923c4e8a4d754b0127554eb2e77 \
    --hash=sha256:a4bf42d2e4cf52c28cc1812d62426b9503cdb0c87a6de81442626aa7d69707ba \
    --hash=sha256:a59f5448ba2ceccd06995c95ea59a7674a10de0810f2ce90c9006f3cbc044456 \
    --hash=sha256:a656ca105115f6b766bba324f23a67914d9c728dafec57638e2b92a9dcd76c62 \
    --hash=sha256:a6b5b39cc7e2998f968f05309e666103b53e2edd01df8dc51b90d734c0825444 \
    --hash=sha256:a7c5d5e5f1081955358533be077166ee97ed2571d6a66bdba6ec2f609a715d1a \
    --hash=sha256:a8bef9b9825fa8bc816a6e641bb67219489229ebc648be422af695f6e7a4fa7f \
    --hash=sha256:a8ffaeec5dfea5881d4c9d8913a32d10cfe3923495386106e4a24d45300ef79c \
    --hash=sha256:abd44571493973bad4598a3be7e1d807ed45aa2adaf7ab92ab7c62609569b17d \
    --hash=sha256:ac02dc29fd397608f8eb15ac1610ae2f2f0154b03f631e6d724d9e2ad4ee2c84 \
    --hash=sha256:af85529ae8d2a453feee4c780d9406a5e3b17cee0dd75c18bd31adcd584debc3 \
    --hash=sha256:b0c732aa23de8f8aec23f4b580d1e52905ef468afb4abeafd3fec77042abb6fe \
    --hash=sha256:b2142a376b40b6736dfc214fd2902409e9e3857eff554fed2d3c60f097e62a62 \
    --hash=sha256:b22a07cbb82fea98f8a2fd814f3d1811ff9ed76d0fc6abc84eb21527596e7cc8 \
    --hash=sha256:b2c3da8d93cf5db60e8858c17684c47d01fee6405e554fb55018dd85fc23b178 \
    --hash=sha256:b2c7fdaa4d7c3d886a42534adec7cfac73860b89b4e5298752f60aa5984641a0 \
    --hash=sha256:b30d46379644fbfc3ab81f8f82ae4de55179414651f110a1514f0b1f8f6cb2d7 \
    --hash=sha256:b42f4d86b451c2f9d06ffb4f8bbc776e04df3ba070b9fe2657804b1b40277c48 \
    --hash=sha256:b738f7e648735714bbb82bdfd030203360cfeab7f6e8a34772b3c8c8b820568c \
    --hash=sha256:b7fc49c37f1786284b12af63152fe1d0990722497e2d5817acfe7a877522f9a9 \
    --hash=sha256:b8f18914faec94132e5b91e69d76a5c1d7b0c73e2489ea8929c4aaa10b76bbf7 \
    --hash=sha256:bb2f6ca0ae2d983ded09357b84af659c954722bbf04dea98030064996d156048 \
    --hash=sha256:bb4c1847b303835d89d785a18801a883436cdfd5dc3d62947f9c49e24f0f5a2c \
    --hash=sha256:bc456d04db0515ce3320d714a1eac7a97774ff0849e7718b492d957da4631dd4 \
    --hash=sha256:bc532422ff26b304cfb62b328826bd995c96154ffd2bac4544f37dbb95ecaa8f \
    --hash=sha256:be3aaa60da67e6153eb15715cc2e19091af5dc75faef8b8a585aea372507384b \
    --hash=sha256:c33e66d44fe60e72397b487ee92e01da0d09ba2d66df8eae42d77b6d06e5eba0 \
    --hash=sha256:c371aa98126a0d4c739ca93ceffa0fd7a5d732e3ac66a46e74339acd4d334564 \
    --hash=sha256:c54d83a2188a10ebdba573f16bd97135d06c9ef60c3dc495315c7a28c80a263f \
    --hash=sha256:c7d13103045de1bdd6fe5d61802565f1a3537d70cd3abf596aa0af62761921ee \
    --hash=sha256:cb233f9c95f83707dae461b12b720c1af9c28c2d19208e1be03387222151daf5 \
    --hash=sha256:cd79f3367bd74b317dda655dc8fcfa304d9eb6e4fb06b7168c5cf27f96e0cd62 \
    --hash=sha256:cdcbed9ad19da81c480dfd6dd161886db6096083c9938ead313d94b30aadf272 \
    --hash=sha256:d100fcc8930d697c6561156c6810ab4a508fb264c8b6779e6e61e2ed5e7558f9 \
    --hash=sha256:d4aec24d6b72ee457ec665344a29acb2d35937d5192faebe429ea02633151aad \
    --hash=sha256:d6690ec5ec1cce0385cb20896b16be35247ac8c2046e493d03232f1c2414d321 \
    --hash=sha256:d759cdd7f3e055d6bc8d9bec3ad905227b2e4c785dc16c372eb5b5e83123f48a \
    --hash=sha256:da08e7bb297b04e893d91087df19638dc7a6bb858a954b0cc2b9f5053c922312 \
    --hash=sha256:dacf3c64ef3f7440e3167aa4b49aa9e0fb99e0aa4f9ff03795640bf94531bcb0 \
    --hash=sha256:daf42de090d59db025af61ce6bdb2521f0f102ea0e6ea310f13c17610a97da4c \
    --hash=sha256:dc051506c30b609238d79eda75ee9cab3e520570ec8219844a72a46020901e37 \
    --hash=sha256:de496365750cc472b4e7902a485d3f152ecf57bd3ba03ddd5578ed8ceb4c5964 \
    --hash=sha256:dfb874cfa53340009af6bdd7e54ebc0d21012a60a4e65d927c2e477112e63484 \
    --hash=sha256:e19e0643cc936a22e837f79d01a550678da8377d7d801a14487c10c34ee49c7e \
    --hash=sha256:e237b807d68a61fc3b1e845407e27e5eb8ef69bc93fe8505337c1acb4ee300b6 \
    --hash=sha256:e5867f2651016a3afd8dd2c8238baa66f1e2802f44bc17e236f547ace6647078 \
    --hash=sha256:e748d4cf8fef2526bb2a589a417eba0c8674e29ffcb570ce2ceca44f1e567bf6 \
    --hash=sha256:e77dd455b9a16bbd2a5036a63ddbd479c19572af81b624e79ef422f929eef388 \
    --hash=sha256:e8113639f3296706fbac34a30813929e29247718e88173ad849f57ca59754924 \
    --hash=sha256:e8cd2415f372e7e5a789d743d133ae474290a90b9023197fd78f32e2dc6873e2 \
    --hash=sha256:eb2a12d704f180a902d7fa778c6d71f36ceb7b0d317f34cdc76a5d05aa1dd1df \
    --hash=sha256:ef9266d2aa545d7374938fb5c484531ef5a2ec7f2d573e62f8ce722c735685fd \
    --hash=sha256:f2a50c3c1d11cad0ebebbac357a97b26aa79d2bcaf46f256551152aa85d3a4d1 \
    --hash=sha256:f2e3b1a6bb38de0bc713edd4d612969dd250ca8b724be8d460001a387507021c \
    --hash=sha256:f952dacaa552f3bb8834908dddd500ba7d508e6ea6eb8c52eb2d28f48ca06a31 \
    --hash=sha256:fa25afbadead523f7001caf0c2382afd272c315a033a7b06336da2637d92d6ed \
    --hash=sha256:fb8dae0b6b8b7f9e96c26fdd8121522ce5de9bb5538010870bd538683d30e9a2 \
    --hash=sha256:fbc74f42c3525ac4ffa4b89cbdd00057b6196bcefe8bce794abd42d33a018092 \
    --hash=sha256:fe659f6b5d10fb5a17f00a50eb903eb277a71ee35df4615db573c069bcf967ac
    # via -r requirements.txt
minify-html==0.18.1 \
    --hash=sha256:00f407d32f3f8369901f0e6c92610f351f69dacf4ed594d373924f54fbf01ded \
    --hash=sha256:01ac739abdf9da1ce253afc060f04e7704f3288b96c14fa301957757a3c06780 \
    --hash=sha256:045dd5640e988cc385d350e224e13f609a606a6cf9fa5f5011a1d860d4ebe607 \
    --hash=sha256:0c81fc35cf81926d603af04e9dfb9db57aa912d20da615f9d6e19d840c0ef006 \
    --hash=sha256:0e1592a4efc56848129d60f95bdcf79e32e1cce045aa004ab57233b7b16e126f \
    --hash=sha256:0f3f167339638f26af34a56027b24e7e2daa03670b84a1ba661975d6d4536481 \
    --hash=sha256:17d20b79e4218a19ef11b608d8702e23fdeca624444ba1684364255a00a12c07 \
    --hash=sha256:21790c2e578918f390aeebc865c94bd2f50eb790e27cc61d4e7725501b551250 \
    --hash=sha256:354fb1dbf9b5b596d249b6dba5b95ed819f70064f36b6a28e5e470e90d859ceb \
    --hash=sha256:3a11a926b2c236f527d8295b7f6e20c41728bdf870732273e2471e8c693f6109 \
    --hash=sha256:3e9a91dc200c0a99e0b3c577b44aee0aa449aaf510464197f198e94b7bdf2d48 \
    --hash=sha256:41995dcbcc93305656f409849511c196c0b893f4afffd053467c559c119c09e7 \
    --hash=sha256:41f46915ce2634dd70138488a96d6b36e8b8cc2c2ee2953d89c525658394500a \
    --hash=sha256:43998530ef537701f003a8e908b756d78eff303c86b041a95855e290518ba79c \
    --hash=sha256:497a854d45aa85c93089b83166e97d30a7a9f1fe6b45b3f1fac50dc075aca596 \
    --hash=sha256:55de95959c5b0a5b816e3a071fe8cd781bc015921e4d1fd8ca169a6729d86cd6 \
    --hash=sha256:568aa4fea1918408ffa2a4f7aad1c35cdcdadb7e1a50ca06bcdce9fa8a4a648a \
    --hash=sha256:56b59ee3b4d359765163ee4adfb6c9012f00338e9112793f6bd09aa1db3ed411 \
    --hash=sha256:72960df65a518f3a8a1c9cdba4d22fe75cdd599ac6f39d806441fe8f00d9ce5f \
    --hash=sha256:74360e18f33e6b237a42d5e4082eba56d59f18eb2e92cec03401288462544f37 \
    --hash=sha256:842c330307a2b10e74fe1df0899cdfddaff0efd14543b3bd9b124b75e0f9a03a \
    --hash=sha256:85232f2ff21cfe60a163db768be1b096bd589f74ad9ceb1e2e3a9776ed7d3438 \
    --hash=sha256:854590f1fc1b2ba8f8cd26e925030a37fb6e042545d0cef2b44d0d1942d02943 \
    --hash=sha256:90c8d3267e69db2a5f041cc15d92d5991973b6dee6a08458d4e9b72e2524c846 \
    --hash=sha256:9103ce2b90edb4ba2961a7ddf95a1c6e262ec14845d88d0bfaf9f01560698005 \
    --hash=sha256:91791ea8a6c5f6cc227dc9febd036382e3ac7f93c157d48599f9668a5e813339 \
    --hash=sha256:98c8a76f35394f3ba125cb1b645e9a4a18080f0a12912346c7ded9711d96d045 \
    --hash=sha256:a0e557e7e43b233b5416cd0b0874ac369ce168f2024f7199925350f5bc09af15 \
    --hash=sha256:a20c648f26b600a55ea2f3f8e8c1c2797408890cfe453e58a151c3bcd1a088fb \
    --hash=sha256:a32d3f6467ae7e3cf990c2fa2e08956bce5ae6dc42c49c93e2599a8a8d01d065 \
    --hash=sha256:aa9ce0978b03b4040ef72f4eb6a367bd615165d88b5c2363c098efa3d60d7855 \
    --hash=sha256:af58fe4ef6fa050e36fefdac2a7d0c35c3656fb1d55c07d521b6fa3d137e3f68 \
    --hash=sha256:af83d722fe73e1e571da1130d09f06358cf507a18c153c72a4e56c276e7305af \
    --hash=sha256:b2260c6385a7a48b87c7b3216b27949293cb9c28c624e5bc973de8e3a997056a \
    --hash=sha256:b857f8fddc14e0c6e50ecea858c4e95b4f984bbb602e28160289c172908be381 \
    --hash=sha256:b92f40bab8178cbc39a0e2c602513b6478b9489e4b99c5452a680342881db7d8 \
    --hash=sha256:c952a8f9e5a6403611b338b75bbf9469cf4ce04f15426a9ef9da87456fd55bd6 \
    --hash=sha256:d476ad2a54055d71bb7a94e1c1fad1e8e53f0b33a91cf800d8df4ebbce1d7dd9 \
    --hash=sha256:d99db3db6208729aea917a884413eed0850148792bc33fc81f70ec9e41465906 \
    --hash=sha256:e34af8574ed701555561fcc29d14ff6e8969df5281d51b62cdf556ca0ca7a56e \
    --hash=sha256:e862f89f1493c17fe74d8c7a75bbd480aa7784bbf47ec396d9db4871101f94e4 \
    --hash=sha256:e93301610f6c78ff83cf9d556d779ed4dee1c8aadf45a12dc4b40cebbe477a2e \
    --hash=sha256:eb2ba09567538a7e7e385d75ef11ee1d6abbc38f2645b78823b95ed24ed0555c \
    --hash=sha256:eb592b6b03e747f6b4807b64527cf36491c208fd8f414841fbcdc28c9dbc1296 \
    --hash=sha256:ec52fd4408d5de20a2b375d5b35fa4de01092c5fce17febae8e82af5f57f43bb \
    --hash=sha256:f2bc1ff96174f9796515be57f3abf2500872181035270373112ff4641eeb609e \
    --hash=sha256:f5c3e4a711cd51643cb0b76d24fdd74646e55f0a92ae3c3ef2f8a6746f6b7ae4 \
    --hash=sha256:f8354721d4b3ace0400d7b4302b14f080cdb8acaf28f6891d9318a2b4623de57 \
    --hash=sha256:f8fca598b171ee603b8ed399bedd2de00d202cfcb0e98feadb21deb11d5d669b \
    --hash=sha256:fe625fae576d20f0fe5981f0f7a5fe6d96608bbb8daf4815f7a0b28be7d62472
    # via -r requirements.txt
numpy==2.4.2 \
    --hash=sha256:00ab83c56211a1d7c07c25e3217ea6695e50a3e2f255053686b081dc0b091a82 \
    --hash=sha256:068cdb2d0d644cdb45670810894f6a0600797a69c05f1ac478e8d31670b8ee75 \
    --hash=sha256:0f01dcf33e73d80bd8dc0f20a71303abbafa26a19e23f6b68d1aa9990af90257 \
    --hash=sha256:0fece1d1f0a89c16b03442eae5c56dc0be0c7883b5d388e0c03f53019a4bfd71 \
    --hash=sha256:12e26134a0331d8dbd9351620f037ec470b7c75929cb8a1537f6bfe411152a1a \
    --hash=sha256:1ae241bbfc6ae276f94a170b14785e561cb5e7f626b6688cf076af4110887413 \
    --hash=sha256:1f92f53998a17265194018d1cc321b2e96e900ca52d54c7c77837b71b9465181 \
    --hash=sha256:209fae046e62d0ce6435fcfe3b1a10537e858249b3d9b05829e2a05218296a85 \
    --hash=sha256:20abd069b9cda45874498b245c8015b18ace6de8546bf50dfa8cea1696ed06ef \
    --hash=sha256:21982668592194c609de53ba4933a7471880ccbaadcc52352694a59ecc860b3a \
    --hash=sha256:25f2059807faea4b077a2b6837391b5d830864b3543627f381821c646f31a63c \
    --hash=sha256:2653de5c24910e49c2b106499803124dde62a5a1fe0eedeaecf4309a5f639390 \
    --hash=sha256:2b8f157c8a6f20eb657e240f8985cc135598b2b46985c5bccbde7616dc9c6b1e \
    --hash=sha256:2fb882da679409066b4603579619341c6d6898fc83a8995199d5249f986e8e8f \
    --hash=sha256:40397bda92382fcec844066efb11f13e1c9a3e2a8e8f318fb72ed8b6db9f60f1 \
    --hash=sha256:444be170853f1f9d528428eceb55f12918e4fda5d8805480f36a002f1415e09b \
    --hash=sha256:47c5a6ed21d9452b10227e5e8a0e1c22979811cad7dcc19d8e3e2fb8fa03f1a3 \
    --hash=sha256:4f069069931240b3fc703f1e23df63443dbd6390614c8c44a87d96cd0ec81eb1 \
    --hash=sha256:52b913ec40ff7ae845687b0b34d8d93b60cb66dcee06996dd5c99f2fc9328657 \
    --hash=sha256:5633c0da313330fd20c484c78cdd3f9b175b55e1a766c4a174230c6b70ad8262 \
    --hash=sha256:5daf6f3914a733336dab21a05cdec343144600e964d2fcdabaac0c0269874b2a \
    --hash=sha256:5eea80d908b2c1f91486eb95b3fb6fab187e569ec9752ab7d9333d2e66bf2d6b \
    --hash=sha256:602f65afdef699cda27ec0b9224ae5dc43e328f4c24c689deaf77133dbee74d0 \
    --hash=sha256:659a6107e31a83c4e33f763942275fd278b21d095094044eb35569e86a21ddae \
    --hash=sha256:66cb9422236317f9d44b67b4d18f44efe6e9c7f8794ac0462978513359461554 \
    --hash=sha256:6d82351358ffbcdcd7b686b90742a9b86632d6c1c051016484fa0b326a0a1548 \
    --hash=sha256:6e9f61981ace1360e42737e2bae58b27bf28a1b27e781721047d84bd754d32e7 \
    --hash=sha256:6ed0be1ee58eef41231a5c943d7d1375f093142702d5723ca2eb07db9b934b05 \
    --hash=sha256:7cdde6de52fb6664b00b056341265441192d1291c130e99183ec0d4b110ff8b1 \
    --hash=sha256:7df2de1e4fba69a51c06c28f5a3de36731eb9639feb8e1cf7e4a7b0daf4cf622 \
    --hash=sha256:7edc794af8b36ca37ef5fcb5e0d128c7e0595c7b96a2318d1badb6fcd8ee86b1 \
    --hash=sha256:7f54844851cdb630ceb623dcec4db3240d1ac13d4990532446761baede94996a \
    --hash=sha256:805cc8de9fd6e7a22da5aed858e0ab16be5a4db6c873dde1d7451c541553aa27 \
    --hash=sha256:8906e71fd8afcb76580404e2a950caef2685df3d2a57fe82a86ac8d33cc007ba \
    --hash=sha256:89f7268c009bc492f506abd6f5265defa7cb3f7487dc21d357c3d290add45082 \
    --hash=sha256:8c50dd1fc8826f5b26a5ee4d77ca55d88a895f4e4819c7ecc2a9f5905047a443 \
    --hash=sha256:8e4549f8a3c6d13d55041925e912bfd834285ef1dd64d6bc7d542583355e2e98 \
    --hash=sha256:8e9afaeb0beff068b4d9cd20d322ba0ee1cecfb0b08db145e4ab4dd44a6b5110 \
    --hash=sha256:98f16a80e917003a12c0580f97b5f875853ebc33e2eaa4bccfc8201ac6869308 \
    --hash=sha256:9e35d3e0144137d9fdae62912e869136164534d64a169f86438bc9561b6ad49f \
    --hash=sha256:9e4424677ce4b47fe73c8b5556d876571f7c6945d264201180db2dc34f676ab5 \
    --hash=sha256:adb6ed2ad29b9e15321d167d152ee909ec73395901b70936f029c3bc6d7f4460 \
    --hash=sha256:aea4f66ff44dfddf8c2cffd66ba6538c5ec67d389285292fe428cb2c738c8aef \
    --hash=sha256:b21041e8cb6a1eb5312dd1d2f80a94d91efffb7a06b70597d44f1bd2dfc315ab \
    --hash=sha256:b2f0073ed0868db1dcd86e052d37279eef185b9c8db5bf61f30f46adac63c909 \
    --hash=sha256:b3a24467af63c67829bfaa61eecf18d5432d4f11992688537be59ecd6ad32f5e \
    --hash=sha256:b9c618d56a29c9cb1c4da979e9899be7578d2e0b3c24d52079c166324c9e8695 \
    --hash=sha256:bba37bc29d4d85761deed3954a1bc62be7cf462b9510b51d367b769a8c8df325 \
    --hash=sha256:bd3a7a9f5847d2fb8c2c6d1c862fa109c31a9abeca1a3c2bd5a64572955b2979 \
    --hash=sha256:be71bf1edb48ebbbf7f6337b5bfd2f895d1902f6335a5830b20141fc126ffba0 \
    --hash=sha256:c02ef4401a506fb60b411467ad501e1429a3487abca4664871d9ae0b46c8ba32 \
    --hash=sha256:c3cd545784805de05aafe1dde61752ea49a359ccba9760c1e5d1c88a93bbf2b7 \
    --hash=sha256:c7ac672d699bf36275c035e16b65539931347d68b70667d28984c9fb34e07fa7 \
    --hash=sha256:cb7bbb88aa74908950d979eeaa24dbdf1a865e3c7e45ff0121d8f70387b55f73 \
    --hash=sha256:cd2bd2bbed13e213d6b55dc1d035a4f91748a7d3edc9480c13898b0353708920 \
    --hash=sha256:cda077c2e5b780200b6b3e09d0b42205a3d1c68f30c6dceb90401c13bff8fe74 \
    --hash=sha256:cf28c0c1d4c4bf00f509fa7eb02c58d7caf221b50b467bcb0d9bbf1584d5c821 \
    --hash=sha256:d0d9b7c93578baafcbc5f0b83eaf17b79d345c6f36917ba0c67f45226911d499 \
    --hash=sha256:d1240d50adff70c2a88217698ca844723068533f3f5c5fa6ee2e3220e3bdb000 \
    --hash=sha256:d30291931c915b2ab5717c2974bb95ee891a1cf22ebc16a8006bd59cd210d40a \
    --hash=sha256:d9f64d786b3b1dd742c946c42d15b07497ed14af1a1f3ce840cce27daa0ce913 \
    --hash=sha256:da6cad4e82cb893db4b69105c604d805e0c3ce11501a55b5e9f9083b47d2ffe8 \
    --hash=sha256:df1b10187212b198dd45fa943d8985a3c8cf854aed4923796e0e019e113a1bda \
    --hash=sha256:e04ae107ac591763a47398bb45b568fc38f02dbc4aa44c063f67a131f99346cb \
    --hash=sha256:e6dee3bb76aa4009d5a912180bf5b2de012532998d094acee25d9cb8dee3e44a \
    --hash=sha256:e7e88598032542bd49af7c4747541422884219056c268823ef6e5e89851c8825 \
    --hash=sha256:e98c97502435b53741540a5717a6749ac2ada901056c7db951d33e11c885cc7d \
    --hash=sha256:ec055f6dae239a6299cace477b479cca2fc125c5675482daf1dd886933a1076f \
    --hash=sha256:f74f0f7779cc7ae07d1810aab8ac6b1464c3eafb9e283a40da7309d5e6e48fbb \
    --hash=sha256:fbde1b0c6e81d56f5dccd95dd4a711d9b95df1ae4009a60887e56b27e8d903fa \
    --hash=sha256:fcf92bee92742edd401ba41135185866f7026c502617f422eb432cfeca4fe236 \
    --hash=sha256:fd49860271d52127d61197bb50b64f58454e9f578cb4b2c001a6de8b1f50b0b1
    # via -r requirements.txt
rcssmin==1.2.2 \
    --hash=sha256:0162c32ce946978edc834d4fba705ac5f9422d7f556f3264cc4fc67c7ee39171 \
    --hash=sha256:0519a25f4af4221dcec652b2fe2e35d2a2465d7d68c2d529d47ef164e767942b \
    --hash=sha256:07dc7d352e8eb08de82fc4c545dd04f9f487466c8370051e0bee4eb1e4dc85d0 \
    --hash=sha256:0aa9d0b069cbab3a5de88faf17046fe9ceac418281726244423fdf8696dbace6 \
    --hash=sha256:125cc0f32609fcad47be31f1e2d807ffcdc72055ab9259e5bdba08ea6be20c80 \
    --hash=sha256:1472a98142d10d6c6772d96424ddcaf99d7e1d3217475f7f28f7d40dd84f24a2 \
    --hash=sha256:19e53c58768369366fdaef00da59f275f724f229994ea885309df6ca368ff3c8 \
    --hash=sha256:1dab9b6b0e667570d4362ced81015e68bf462537dde151f9f908e1d5382fefb7 \
    --hash=sha256:20a32c49d65b65c3ac80305d8a31b98f3d92b1b052dd63b57fbebc7003f9ae38 \
    --hash=sha256:217efed0dff304d503bf481068ddb13ae72176ed5970f1011fb1a1e379308d9c \
    --hash=sha256:228cc8d192ba4bd82305c085cbb5594d45d8dc6605d4eddc319543fb9f47b319 \
    --hash=sha256:265b57de87949b505bcd658f4f5bbfc1f077390108cd12e288ba2f7824bee52c \
    --hash=sha256:283ffe7f99ef75544712a4fb0362185baf3c684ca79a5c64c486acc4bfbd9407 \
    --hash=sha256:292dc265fb95bcd3765040627713db574a96f8d55035b95c7ccdd4c587844d69 \
    --hash=sha256:2b008aa77a92f9db2d88f7e7ab45b81f37253cb0baafda59dd5b857c2de9b09f \
    --hash=sha256:2b6d5e2e2fd65738d57ef65aaaed2cff2288eccff7f704bf3d579e6f451cb60a \
    --hash=sha256:2c88b835bcae8f000c93c9a6fe6fc61f70c6e3ab50618e8e04ac9dfbcb855718 \
    --hash=sha256:354215283f32413ced87b358934ebbb7c5529f51f5d316e80bc2889486d388b3 \
    --hash=sha256:40c7dfba098bbd129d8c35dd8b604275585f9dc0496e5d17dbe7fd6b873b0233 \
    --hash=sha256:47aafd60e3c143d38b721ca5619a2fe275250fcd568ed67b963eb8709bb53c6a \
    --hash=sha256:4f2229ffb96abafd3120006bce9d448eb8dd0331fc30ab203066d8e63d3c7f34 \
    --hash=sha256:51a9ededc03dc924f1a30373a21341034117999f103edff7e8bc8e62607e9f32 \
    --hash=sha256:5308789d1609a5b2a98607f761cfb9d40bfcfb12770eef20c1f243f01ed60956 \
    --hash=sha256:540dd3aa586b5f8f4c4b90db37e6a31c04718cdf90dbe9bec43c3b4dd50519e7 \
    --hash=sha256:56f735846d77921d44637a9f0a0f55d00a670b27a3956da39c2ce59c3992abce \
    --hash=sha256:5724ed426c1444c35584f0bcda43c81ac47da769228722207aea7b8eedf31224 \
    --hash=sha256:64ec506fce7a3f1e993f4c4b55c7b3d9ad8259191cf20d986aa1d1a13e920fe8 \
    --hash=sha256:6692ec9a82f96cb9c864d76659457b19a3122bb8269c9ebe4cc2338ff839defb \
    --hash=sha256:6ea38a38eec263858b70bed6715478dcfed7fbc5d63333a8c512631ee22baad9 \
    --hash=sha256:7018d4197713c7797d1a67ed47ab53d4706c2e9ed134123c30a47d389dda5386 \
    --hash=sha256:714390aac7c4cb611eecc845a5d9bb01495a3c9fccf9d8a2d6aa75a109276f7b \
    --hash=sha256:742bb522d1efe0f1d362d81e00b5dc93ca2ddd1e435ed2d921cfa84fbb9f6887 \
    --hash=sha256:78249189d39344a1e9d813c51362831537500e104c5bdce4ff24fe59010e9ee1 \
    --hash=sha256:7c0303254bf458e22df5de7c75fcbcf9fc7d9b7c64d59b2ab5ce5fca6de32f14 \
    --hash=sha256:7c75947adf3c359670a044441c1d6ba4fd9e9ad291c000b3802e75fe259c0ec0 \
    --hash=sha256:806986eaf7414545edc28a1d29523e9560e49e151ff4a337d9d1f0271d6e1cc4 \
    --hash=sha256:83ecd3093640d69f7582839788e012ecf9a85faeb95760032626977a7d3904b2 \
    --hash=sha256:844227668a235451eb544455b911067ba5495d680857d4bad2b0b78878f30a5c \
    --hash=sha256:8d3de1a870e00d157f3a7b1797498fdc09a3774629079572350f75783bb94b9a \
    --hash=sha256:970e44ea43139412558e602d20ec91d0ec817602cd78d11c60e4ed80050b537c \
    --hash=sha256:9ca32369720f64ffcee16420d21d900de08838081b39b53b4b4701830991439b \
    --hash=sha256:9e36053facaecc97fca89ce2cca0fdd8ba9093eae734afd2093014334b973f0f \
    --hash=sha256:ace9b2c30eb02bff32ce5d6657f5ee04ae866e1bc55d3e28009325fc8b62de4e \
    --hash=sha256:b3843e0501fa45d7c911dd7b3b78fd5f51c8159dd36d780ee12060da2d526aa0 \
    --hash=sha256:b6c91878a7e6f708f90c1bbc1a02729f45b2e5dee89045b395e997aa71744ee4 \
    --hash=sha256:bb75b0e412a5419d62f39d89d0b3920a6697d2b12c8dad57f8bde1c76332c640 \
    --hash=sha256:bd4454002078532f5cbd9dbe7868c7001fd95f79d48d8fbfedde73b1081a3379 \
    --hash=sha256:c2140066b1fbc4f5ef76bff3176a60eaa86dee4ba723bfdbe480d79d8a110c26 \
    --hash=sha256:c2b13d88bcb96ade57b1dfbbbf022cdcc6330eb447211470c9df980d8a7dd2a3 \
    --hash=sha256:c51aa47b1752ae55ad4cf4332e7316c5206a6a686d65bc15431a6bfea393e665 \
    --hash=sha256:c86aaeee5dbe0efe786d14a473ff6324b19f2efa48d3371292f8d2d72e333644 \
    --hash=sha256:c96c80d96a7f933fb27e20227704d9d1f4fa3625b7f2cabfcb06b91c680610dd \
    --hash=sha256:ca2492e39feed0125a7995d66f59e913d7b85bd3462eca8e388c06654a973d16 \
    --hash=sha256:cc866e23121bc4e29014b588fb67c8242a80ce053196f511c4c806b30ca6a393 \
    --hash=sha256:cd0a5ca4a0fc3b193ab0dcd251bd2463900558108cc4306a5cc4ab77c6bfffde \
    --hash=sha256:cdccb0e08281f0dd5d463c16ec61a06bd1534de50206dc72918be3c10dcb82e5 \
    --hash=sha256:cf625985ee18bcc554afaae5b42501c71a167cc79ffe8fd782b32bacab2aee68 \
    --hash=sha256:cfcc9e8cf6fcb743ec19d67b3fc9669efa717fab6a9a064fab791d1d2a891c8c \
    --hash=sha256:d0197fab78ebbe33f5df9caf2572ef2d44bbe243a9130881a0c5c53ba03641fa \
    --hash=sha256:d07542232ee29442b9c904ad96111f12163f0836be0ef9442dd08eb84a5ac07f \
    --hash=sha256:da4801f4f429d66f9922871a7c71dee54c87f0ea5666cae6f1eb84c3fbc4e1f4 \
    --hash=sha256:dce0f0230c6ac8579cf3b1e557ec1699fe0d931e5e64789c48ff76df2957a937 \
    --hash=sha256:dd1472d19c592b960bc227d0f37785c1149bb46393ecc8f656ff572185cf6614 \
    --hash=sha256:dd192a876a7af9a14628ff20818df80187294db96d86ddccf72371a6ae3e7ce7 \
    --hash=sha256:e43296196c6fc8e1ca08927afb7f0cb0a555112779dcb6477075b84c15cd843f \
    --hash=sha256:e6b5913f3e8cb249044e916bc6ddcb5158815121548686a0fc8e2b8a5961a62e \
    --hash=sha256:e91449b612a08e5e80df3487e941c86e2c73c5088169588c31c382eb94da0521 \
    --hash=sha256:efdacfc8bb07d0c8a939e92b9750dd2a0646cbd4340a057271ea3fd1cb1d9b54 \
    --hash=sha256:f17dc92553a46412c49f972f0ab31088032b9482a9c421bc2d39691a5d8842aa \
    --hash=sha256:f6696d73585c6ec01c154123bc772184a7ea6571d10092a41693050cef1fd6a9 \
    --hash=sha256:fc3cfd3548c2a95a9bdab56914083b2c8eaf40b6b60801ae22bf01c6a05662c9
    # via -r requirements.txt
rjsmin==1.2.5 \
    --hash=sha256:07bccbc8cc4ffabf0db0079259a1e4d97880ccb3ffcd1dc012e8640b59b97cc4 \
    --hash=sha256:0d64da3b02f56364fe032608a10e56e5ed5aec4991a173e0b90e1a6e7bc6af58 \
    --hash=sha256:0df172044912ca2f5f04c711ded75c784fba8dc6c7a1f7f831ac831562102aa2 \
    --hash=sha256:138b5b4e351a4b4138496829fccc402300fab5cb473a2b173feea5697e5c9c1f \
    --hash=sha256:1e2943259be7beafdcb0847c2a901f223bf9044bdfa8105e1be1ad67d6c47795 \
    --hash=sha256:1e3ab93a51d7581ba0a3b6a383df2929b86d9d55f9516764678f9b4e409826e8 \
    --hash=sha256:2503f98f4af750151994a592681872383be6560b8f39528bbf4409c0af5944f8 \
    --hash=sha256:250f8282a1abc5ee3296dd62d0381e94be3a22cde0ce5eeb93fb86e6ad4ac6c4 \
    --hash=sha256:2967e468df0bedaff71693b96ff42b46805cc7027146323a8e47c85c5ea53ac5 \
    --hash=sha256:2af254854f5e06f42c05d2baa0e78742204bbe8891d69dcaba287449a7cd11de \
    --hash=sha256:2d0b8aaa98e51c8ae176b9a94e91f19d3043d7d328431d3d2c459b57a90c0c87 \
    --hash=sha256:2f46270969613de2292a7f747c31cabd9354cc49f6cd23f9cc8688d3af9f889e \
    --hash=sha256:32e8f04de01a7620d5254414ec827b070d2324169dbd65f5e5733a6c9cb3425d \
    --hash=sha256:372d57835014a332dbf227b6de284ea3ee052600ab0f176df959c75a33f0690e \
    --hash=sha256:375acb47041f81b9a6d14ac2ac83b46a4cfcec2e0fa35eff544ad2222199e56d \
    --hash=sha256:3b64aba17f9caa7d66f6fd9e08d7c2010ece06df2b518e0a48fbdc0482c5f9f9 \
    --hash=sha256:3bce037bc2ed784143f90637230c0dad6b59d18e01d66ec41ab0fc988cb98266 \
    --hash=sha256:3d68251d1f68c07500f1c062d9dfa16e799f8971aed1312b9584739c03d9f44b \
    --hash=sha256:43b61368e2c5ac1e81ab3fe809041320ace04574ae890c03aa1ed9b0c020f249 \
    --hash=sha256:47dad1732a2c4779bdc76d5b3183fdf2ec27838f31071fa9dfcc79483d3480e2 \
    --hash=sha256:4dda87501a36b24c0db3bcfd274f31e04bbe96c9514bb5e168d83923dac56c08 \
    --hash=sha256:4e2ed013704e01b8bbe82eb58f83241c33b198d96fef792f389de415b32af260 \
    --hash=sha256:4e80b05803749502995fe33b6f5fd589b51dc46e50d873baf0b515c8f6e7b668 \
    --hash=sha256:54284d09bbc8fbaeadce1ce4812c1666c1dace1a4c654f3c4edd486650d765e9 \
    --hash=sha256:5626644872f3ad10b8334ec3383aad0906d36a085c04c608a400ed30be4d03a4 \
    --hash=sha256:57d0935b2675644d80ea33b611d6752a33af8e1a62baa5adff0a0b8d43981732 \
    --hash=sha256:589b80f209a0ab71dadcafad4136362da00cfd4559bcb1fe138067645898a104 \
    --hash=sha256:5975cdb5cb38bd8ddd124e9f6b4e9cd25a0e2a4fa0a3cd5604ad349f0317df7f \
    --hash=sha256:5b1d470fb25b9485a63dd292f7eefbff1daca3cbc7fec1132d13bc5c3e6a6b35 \
    --hash=sha256:5b8f72f7d96e5e1d30a33182cb39d4eb4516ddcd9b2f984813a9eefe66f8e180 \
    --hash=sha256:6e7b1bb52665894d8cba84144ee91723475948d5d1a54d7f0b25a1cdce8c5921 \
    --hash=sha256:7096357ed596fdfe0acb750f8cbfca338f3c845cc12def3861e23ed811589d15 \
    --hash=sha256:71a08fcd93896e06588840df6ca8087dcbb50d1cd85d3c21d3fd38a2434b9844 \
    --hash=sha256:73b6b099f8afb8aa7ff9ddfbfd4d6ae6540dfe7630833a04a26f1d9f67528eaf \
    --hash=sha256:7926b946de481766d4da5f669da2e3ce8491e750f32f48745d7413a92c810ead \
    --hash=sha256:7a2661e3c13bd0fa98ac2a42b323d80895e2bcbef57dabe5614742c0d20da08f \
    --hash=sha256:8196f1ecb0dff6c8647d4622e496869e94f1be92567ea2e941aa18d49a1a4347 \
    --hash=sha256:8207bac0d3bab7791fd667f0863b5f32e51047845179b94b28c716e6514a9234 \
    --hash=sha256:82bac9710030b61dd1cf442724431d29b1fec7cd708c541cb2042e38763fd610 \
    --hash=sha256:85aa826fca5aaf6f0f0f287f986e0f79c0f8953bab5090fed17a4f35f7ada65a \
    --hash=sha256:88200560e1ec1019afc581c88773a9ee74e0d10b02fc13633a5d6c21cf7c2e90 \
    --hash=sha256:8a3c43e43c06afa7e8a36b22a1247ae58d2eebfe0aea7af5cd83f68fd7360ddc \
    --hash=sha256:8b7cf8ce9022d381bfa700ae116e5f78698f486558a0fe23c57f158ba3229629 \
    --hash=sha256:8c5906bd8830f616e992ad5e7277d0ea12c530110da188b2b9da23e9524a7cbc \
    --hash=sha256:935795f2c894a010b4d7ae4058b4d7a9533202b0409a4d5753c7731e7de405c6 \
    --hash=sha256:9dd9f66568be9c8676278f140aa54102fab9af7feb59adf0c7a85bef49fe70df \
    --hash=sha256:9ec9e902dfe04e791d056eb649805e4dc8a480c170e296b2dfbffb646425acdd \
    --hash=sha256:a3f8040b0273dec773e0e807e86a4d0a9535516c0a0a35aa1bb6de6e15bb1f09 \
    --hash=sha256:a86825ff7846a5c2f21a71d669b96d1b52237fb668f0243fa4f4f40a2ad93ff7 \
    --hash=sha256:a9208911d2f04dc3bec33df7486dbd7ecfc900b0d1ead9841bbd94a382f33f00 \
    --hash=sha256:b1cceba14ed3fe7a929f6cd7b1c0190e82c030a1c9f77d4aa67f71dbbbe41e29 \
    --hash=sha256:b625911a0a1046b011b6af9fd75cebfe2ce8dd3beb3ccbe60debf3b86f71a075 \
    --hash=sha256:b6d0bc092acc3f54ea63ec1dcb808edaac5e956141d89fd0d038e80de5322052 \
    --hash=sha256:bed4e712b8380beaf7bfead08a85628ceed6ec6dcbb3bb25936a251281cb84a8 \
    --hash=sha256:beeb797c3b66695e5156b0582e5734975f56c1fc530fedaf4a391bdc703fde13 \
    --hash=sha256:d206f730a003cbfc8ba5d70e06e9d20318d5dfc2d9220f6dab4fc708b621de15 \
    --hash=sha256:d283452b6684bd6f422eea783e5f5f16b564727652398bb71ad5adc001613765 \
    --hash=sha256:d2f8685ddac497bf95671795dc033773d845fa75350d416f7af4ac2f8c24e14b \
    --hash=sha256:d57c1a92278d9bb8e81c8c6ae55b690a72088b1bab241091c231158bc5d39171 \
    --hash=sha256:d59b4076f11ebff571d19670e6dfdab80b53e6b8951e7e837cef7228779cd140 \
    --hash=sha256:d68cb778e25393adb84e1844aac6f132f72055a6cf4463bae560858300ca500c \
    --hash=sha256:d84873927ce22464a4c8b1e3e06704e8670369a651f950b4b11f070b1f2871d6 \
    --hash=sha256:d8b6ddaaa78fd2d3243da11c13033946d211d37729c64814cefe32dba02d9921 \
    --hash=sha256:e0387568c27fb49e55c1d0dfc27b54fc63d04b7756b1fed9743078130262907f \
    --hash=sha256:eef3f741d8718523c4e25ef8d9fd2a4e165fc2b72ddef32f5257d05bacaf5f41 \
    --hash=sha256:f23d75d2fe03e0f9861907271e378efebe9490d6c472715908bd21d8c9cfdd4b \
    --hash=sha256:f68dd62707d62fc1771be4407892cb932d48fa19a51e7a0e35a11b00e427e3f7 \
    --hash=sha256:f9c6807c11a200d448e42c152551decc7d7ff049fe43bf02b1a223fa27fb6654 \
    --hash=sha256:fb5727e77abb736f9a478e586963196f300c0b39896c08fe5c324a7c9d90f532 \
    --hash=sha256:fc534e7cda5c6997d8c2f0148f38686a64d8b6d388f07e0718d99b6e0900b10e \
    --hash=sha256:ff23e1f405b32732d1c6697dc67e74062fb7cdfda8aae73ed63d19df3ec284e3
    # via -r requirements.txt
